// !$*UTF8*$!
{
	archiveVersion = 1;
	classes = {
	};
	objectVersion = 46;
	objects = {

/* Begin PBXBuildFile section */
		395FF5CE1AD8093E00E94614 /* MisfireConvoViewController.m in Sources */ = {isa = PBXBuildFile; fileRef = 395FF5CD1AD8093E00E94614 /* MisfireConvoViewController.m */; };
		39FD10901AD14D5500503361 /* AppDelegate.m in Sources */ = {isa = PBXBuildFile; fileRef = 39FD108E1AD14D5500503361 /* AppDelegate.m */; };
		39FD10911AD14D5500503361 /* Images.xcassets in Resources */ = {isa = PBXBuildFile; fileRef = 39FD108F1AD14D5500503361 /* Images.xcassets */; };
		39FD10931AD14D5B00503361 /* Info.plist in Resources */ = {isa = PBXBuildFile; fileRef = 39FD10921AD14D5B00503361 /* Info.plist */; };
		39FD10951AD14D6200503361 /* main.m in Sources */ = {isa = PBXBuildFile; fileRef = 39FD10941AD14D6200503361 /* main.m */; };
		39FD10971AD14D7300503361 /* LaunchScreen.xib in Resources */ = {isa = PBXBuildFile; fileRef = 39FD10961AD14D7300503361 /* LaunchScreen.xib */; };
		39FD10991AD14D7B00503361 /* Main.storyboard in Resources */ = {isa = PBXBuildFile; fileRef = 39FD10981AD14D7A00503361 /* Main.storyboard */; };
		39FD10A11AD14D8900503361 /* MisfireConvo.m in Sources */ = {isa = PBXBuildFile; fileRef = 39FD109D1AD14D8900503361 /* MisfireConvo.m */; };
		39FD10A21AD14D8900503361 /* TinderRootClient.m in Sources */ = {isa = PBXBuildFile; fileRef = 39FD109F1AD14D8900503361 /* TinderRootClient.m */; };
		39FD10A51AD14D9100503361 /* ViewController.m in Sources */ = {isa = PBXBuildFile; fileRef = 39FD10A41AD14D9100503361 /* ViewController.m */; };
		39FD10ED1AD1B51A00503361 /* SimpleTableCell.xib in Resources */ = {isa = PBXBuildFile; fileRef = 39FD10EC1AD1B51A00503361 /* SimpleTableCell.xib */; };
		822528ACB4FB84598D83874C /* libPods.a in Frameworks */ = {isa = PBXBuildFile; fileRef = 2B44A7D391364943471B80AF /* libPods.a */; };
		9ECB3B481ABE3F5000DAA0AC /* FacebookSDK.framework in Frameworks */ = {isa = PBXBuildFile; fileRef = 9ECB3B471ABE3F5000DAA0AC /* FacebookSDK.framework */; };
		D95167A91A92F03700C3754D /* MisfireTests.m in Sources */ = {isa = PBXBuildFile; fileRef = D95167A81A92F03700C3754D /* MisfireTests.m */; };
/* End PBXBuildFile section */

/* Begin PBXContainerItemProxy section */
		D95167A31A92F03700C3754D /* PBXContainerItemProxy */ = {
			isa = PBXContainerItemProxy;
			containerPortal = D95167811A92F03700C3754D /* Project object */;
			proxyType = 1;
			remoteGlobalIDString = D95167881A92F03700C3754D;
			remoteInfo = Misfire;
		};
/* End PBXContainerItemProxy section */

/* Begin PBXFileReference section */
		2B44A7D391364943471B80AF /* libPods.a */ = {isa = PBXFileReference; explicitFileType = archive.ar; includeInIndex = 0; path = libPods.a; sourceTree = BUILT_PRODUCTS_DIR; };
		395FF5CC1AD8093E00E94614 /* MisfireConvoViewController.h */ = {isa = PBXFileReference; fileEncoding = 4; lastKnownFileType = sourcecode.c.h; path = MisfireConvoViewController.h; sourceTree = "<group>"; };
		395FF5CD1AD8093E00E94614 /* MisfireConvoViewController.m */ = {isa = PBXFileReference; fileEncoding = 4; lastKnownFileType = sourcecode.c.objc; path = MisfireConvoViewController.m; sourceTree = "<group>"; };
		39FD108D1AD14D5500503361 /* AppDelegate.h */ = {isa = PBXFileReference; fileEncoding = 4; lastKnownFileType = sourcecode.c.h; path = AppDelegate.h; sourceTree = "<group>"; };
		39FD108E1AD14D5500503361 /* AppDelegate.m */ = {isa = PBXFileReference; fileEncoding = 4; lastKnownFileType = sourcecode.c.objc; path = AppDelegate.m; sourceTree = "<group>"; };
		39FD108F1AD14D5500503361 /* Images.xcassets */ = {isa = PBXFileReference; lastKnownFileType = folder.assetcatalog; path = Images.xcassets; sourceTree = "<group>"; };
		39FD10921AD14D5B00503361 /* Info.plist */ = {isa = PBXFileReference; fileEncoding = 4; lastKnownFileType = text.plist.xml; path = Info.plist; sourceTree = "<group>"; };
		39FD10941AD14D6200503361 /* main.m */ = {isa = PBXFileReference; fileEncoding = 4; lastKnownFileType = sourcecode.c.objc; path = main.m; sourceTree = "<group>"; };
		39FD10961AD14D7300503361 /* LaunchScreen.xib */ = {isa = PBXFileReference; fileEncoding = 4; lastKnownFileType = file.xib; path = LaunchScreen.xib; sourceTree = "<group>"; };
		39FD10981AD14D7A00503361 /* Main.storyboard */ = {isa = PBXFileReference; fileEncoding = 4; lastKnownFileType = file.storyboard; path = Main.storyboard; sourceTree = "<group>"; };
		39FD109C1AD14D8900503361 /* MisfireConvo.h */ = {isa = PBXFileReference; fileEncoding = 4; lastKnownFileType = sourcecode.c.h; path = MisfireConvo.h; sourceTree = "<group>"; };
		39FD109D1AD14D8900503361 /* MisfireConvo.m */ = {isa = PBXFileReference; fileEncoding = 4; lastKnownFileType = sourcecode.c.objc; path = MisfireConvo.m; sourceTree = "<group>"; };
		39FD109E1AD14D8900503361 /* TinderRootClient.h */ = {isa = PBXFileReference; fileEncoding = 4; lastKnownFileType = sourcecode.c.h; path = TinderRootClient.h; sourceTree = "<group>"; };
		39FD109F1AD14D8900503361 /* TinderRootClient.m */ = {isa = PBXFileReference; fileEncoding = 4; lastKnownFileType = sourcecode.c.objc; path = TinderRootClient.m; sourceTree = "<group>"; };
		39FD10A31AD14D9100503361 /* ViewController.h */ = {isa = PBXFileReference; fileEncoding = 4; lastKnownFileType = sourcecode.c.h; path = ViewController.h; sourceTree = "<group>"; };
		39FD10A41AD14D9100503361 /* ViewController.m */ = {isa = PBXFileReference; fileEncoding = 4; lastKnownFileType = sourcecode.c.objc; path = ViewController.m; sourceTree = "<group>"; };
		39FD10EC1AD1B51A00503361 /* SimpleTableCell.xib */ = {isa = PBXFileReference; fileEncoding = 4; lastKnownFileType = file.xib; path = SimpleTableCell.xib; sourceTree = "<group>"; };
		7D1257FC2AAFAAE8AE95BE75 /* Pods.release.xcconfig */ = {isa = PBXFileReference; includeInIndex = 1; lastKnownFileType = text.xcconfig; name = Pods.release.xcconfig; path = "Pods/Target Support Files/Pods/Pods.release.xcconfig"; sourceTree = "<group>"; };
		9ECB3B471ABE3F5000DAA0AC /* FacebookSDK.framework */ = {isa = PBXFileReference; lastKnownFileType = wrapper.framework; path = FacebookSDK.framework; sourceTree = "<group>"; };
		BD1A50D2F07EA58BF33522BC /* Pods.debug.xcconfig */ = {isa = PBXFileReference; includeInIndex = 1; lastKnownFileType = text.xcconfig; name = Pods.debug.xcconfig; path = "Pods/Target Support Files/Pods/Pods.debug.xcconfig"; sourceTree = "<group>"; };
		D95167891A92F03700C3754D /* Misfire.app */ = {isa = PBXFileReference; explicitFileType = wrapper.application; includeInIndex = 0; path = Misfire.app; sourceTree = BUILT_PRODUCTS_DIR; };
		D95167A21A92F03700C3754D /* MisfireTests.xctest */ = {isa = PBXFileReference; explicitFileType = wrapper.cfbundle; includeInIndex = 0; path = MisfireTests.xctest; sourceTree = BUILT_PRODUCTS_DIR; };
		D95167A71A92F03700C3754D /* Info.plist */ = {isa = PBXFileReference; lastKnownFileType = text.plist.xml; path = Info.plist; sourceTree = "<group>"; };
		D95167A81A92F03700C3754D /* MisfireTests.m */ = {isa = PBXFileReference; lastKnownFileType = sourcecode.c.objc; path = MisfireTests.m; sourceTree = "<group>"; };
/* End PBXFileReference section */

/* Begin PBXFrameworksBuildPhase section */
		D95167861A92F03700C3754D /* Frameworks */ = {
			isa = PBXFrameworksBuildPhase;
			buildActionMask = 2147483647;
			files = (
				9ECB3B481ABE3F5000DAA0AC /* FacebookSDK.framework in Frameworks */,
				822528ACB4FB84598D83874C /* libPods.a in Frameworks */,
			);
			runOnlyForDeploymentPostprocessing = 0;
		};
		D951679F1A92F03700C3754D /* Frameworks */ = {
			isa = PBXFrameworksBuildPhase;
			buildActionMask = 2147483647;
			files = (
			);
			runOnlyForDeploymentPostprocessing = 0;
		};
/* End PBXFrameworksBuildPhase section */

/* Begin PBXGroup section */
		396F8FAC1ABC95E900F2EDEB /* Frameworks */ = {
			isa = PBXGroup;
			children = (
				9ECB3B471ABE3F5000DAA0AC /* FacebookSDK.framework */,
				2B44A7D391364943471B80AF /* libPods.a */,
			);
			name = Frameworks;
			sourceTree = "<group>";
		};
		515C224FDDAE2003DF768F9B /* Pods */ = {
			isa = PBXGroup;
			children = (
				BD1A50D2F07EA58BF33522BC /* Pods.debug.xcconfig */,
				7D1257FC2AAFAAE8AE95BE75 /* Pods.release.xcconfig */,
			);
			name = Pods;
			sourceTree = "<group>";
		};
		D95167801A92F03700C3754D = {
			isa = PBXGroup;
			children = (
				39FD10EC1AD1B51A00503361 /* SimpleTableCell.xib */,
				396F8FAC1ABC95E900F2EDEB /* Frameworks */,
				D951678B1A92F03700C3754D /* Misfire */,
				D95167A51A92F03700C3754D /* MisfireTests */,
				D951678A1A92F03700C3754D /* Products */,
				515C224FDDAE2003DF768F9B /* Pods */,
			);
			sourceTree = "<group>";
		};
		D951678A1A92F03700C3754D /* Products */ = {
			isa = PBXGroup;
			children = (
				D95167891A92F03700C3754D /* Misfire.app */,
				D95167A21A92F03700C3754D /* MisfireTests.xctest */,
			);
			name = Products;
			sourceTree = "<group>";
		};
		D951678B1A92F03700C3754D /* Misfire */ = {
			isa = PBXGroup;
			children = (
				39FD108D1AD14D5500503361 /* AppDelegate.h */,
				39FD108E1AD14D5500503361 /* AppDelegate.m */,
				39FD109E1AD14D8900503361 /* TinderRootClient.h */,
				39FD109F1AD14D8900503361 /* TinderRootClient.m */,
				39FD109C1AD14D8900503361 /* MisfireConvo.h */,
				39FD109D1AD14D8900503361 /* MisfireConvo.m */,
				395FF5CC1AD8093E00E94614 /* MisfireConvoViewController.h */,
				395FF5CD1AD8093E00E94614 /* MisfireConvoViewController.m */,
				39FD10A31AD14D9100503361 /* ViewController.h */,
				39FD10A41AD14D9100503361 /* ViewController.m */,
				39FD10961AD14D7300503361 /* LaunchScreen.xib */,
				39FD108F1AD14D5500503361 /* Images.xcassets */,
				39FD10981AD14D7A00503361 /* Main.storyboard */,
				D951678C1A92F03700C3754D /* Supporting Files */,
			);
			path = Misfire;
			sourceTree = "<group>";
		};
		D951678C1A92F03700C3754D /* Supporting Files */ = {
			isa = PBXGroup;
			children = (
				39FD10921AD14D5B00503361 /* Info.plist */,
				39FD10941AD14D6200503361 /* main.m */,
			);
			name = "Supporting Files";
			sourceTree = "<group>";
		};
		D95167A51A92F03700C3754D /* MisfireTests */ = {
			isa = PBXGroup;
			children = (
				D95167A81A92F03700C3754D /* MisfireTests.m */,
				D95167A61A92F03700C3754D /* Supporting Files */,
			);
			path = MisfireTests;
			sourceTree = "<group>";
		};
		D95167A61A92F03700C3754D /* Supporting Files */ = {
			isa = PBXGroup;
			children = (
				D95167A71A92F03700C3754D /* Info.plist */,
			);
			name = "Supporting Files";
			sourceTree = "<group>";
		};
/* End PBXGroup section */

/* Begin PBXNativeTarget section */
		D95167881A92F03700C3754D /* Misfire */ = {
			isa = PBXNativeTarget;
			buildConfigurationList = D95167AC1A92F03700C3754D /* Build configuration list for PBXNativeTarget "Misfire" */;
			buildPhases = (
				DC5B7FE43DA41023E1EBF574 /* Check Pods Manifest.lock */,
				D95167851A92F03700C3754D /* Sources */,
				D95167861A92F03700C3754D /* Frameworks */,
				D95167871A92F03700C3754D /* Resources */,
				F9A5BFEF113B25136829F8A7 /* Copy Pods Resources */,
			);
			buildRules = (
			);
			dependencies = (
			);
			name = Misfire;
			productName = Misfire;
			productReference = D95167891A92F03700C3754D /* Misfire.app */;
			productType = "com.apple.product-type.application";
		};
		D95167A11A92F03700C3754D /* MisfireTests */ = {
			isa = PBXNativeTarget;
			buildConfigurationList = D95167AF1A92F03700C3754D /* Build configuration list for PBXNativeTarget "MisfireTests" */;
			buildPhases = (
				D951679E1A92F03700C3754D /* Sources */,
				D951679F1A92F03700C3754D /* Frameworks */,
				D95167A01A92F03700C3754D /* Resources */,
			);
			buildRules = (
			);
			dependencies = (
				D95167A41A92F03700C3754D /* PBXTargetDependency */,
			);
			name = MisfireTests;
			productName = MisfireTests;
			productReference = D95167A21A92F03700C3754D /* MisfireTests.xctest */;
			productType = "com.apple.product-type.bundle.unit-test";
		};
/* End PBXNativeTarget section */

/* Begin PBXProject section */
		D95167811A92F03700C3754D /* Project object */ = {
			isa = PBXProject;
			attributes = {
				LastUpgradeCheck = 0610;
				ORGANIZATIONNAME = "Jake Sutton";
				TargetAttributes = {
					D95167881A92F03700C3754D = {
						CreatedOnToolsVersion = 6.1.1;
						DevelopmentTeam = BND5PW8EZ2;
					};
					D95167A11A92F03700C3754D = {
						CreatedOnToolsVersion = 6.1.1;
						TestTargetID = D95167881A92F03700C3754D;
					};
				};
			};
			buildConfigurationList = D95167841A92F03700C3754D /* Build configuration list for PBXProject "Misfire" */;
			compatibilityVersion = "Xcode 3.2";
			developmentRegion = English;
			hasScannedForEncodings = 0;
			knownRegions = (
				en,
				Base,
			);
			mainGroup = D95167801A92F03700C3754D;
			productRefGroup = D951678A1A92F03700C3754D /* Products */;
			projectDirPath = "";
			projectRoot = "";
			targets = (
				D95167881A92F03700C3754D /* Misfire */,
				D95167A11A92F03700C3754D /* MisfireTests */,
			);
		};
/* End PBXProject section */

/* Begin PBXResourcesBuildPhase section */
		D95167871A92F03700C3754D /* Resources */ = {
			isa = PBXResourcesBuildPhase;
			buildActionMask = 2147483647;
			files = (
				39FD10911AD14D5500503361 /* Images.xcassets in Resources */,
				39FD10ED1AD1B51A00503361 /* SimpleTableCell.xib in Resources */,
				39FD10971AD14D7300503361 /* LaunchScreen.xib in Resources */,
				39FD10931AD14D5B00503361 /* Info.plist in Resources */,
				39FD10991AD14D7B00503361 /* Main.storyboard in Resources */,
			);
			runOnlyForDeploymentPostprocessing = 0;
		};
		D95167A01A92F03700C3754D /* Resources */ = {
			isa = PBXResourcesBuildPhase;
			buildActionMask = 2147483647;
			files = (
			);
			runOnlyForDeploymentPostprocessing = 0;
		};
/* End PBXResourcesBuildPhase section */

/* Begin PBXShellScriptBuildPhase section */
		DC5B7FE43DA41023E1EBF574 /* Check Pods Manifest.lock */ = {
			isa = PBXShellScriptBuildPhase;
			buildActionMask = 2147483647;
			files = (
			);
			inputPaths = (
			);
			name = "Check Pods Manifest.lock";
			outputPaths = (
			);
			runOnlyForDeploymentPostprocessing = 0;
			shellPath = /bin/sh;
			shellScript = "diff \"${PODS_ROOT}/../Podfile.lock\" \"${PODS_ROOT}/Manifest.lock\" > /dev/null\nif [[ $? != 0 ]] ; then\n    cat << EOM\nerror: The sandbox is not in sync with the Podfile.lock. Run 'pod install' or update your CocoaPods installation.\nEOM\n    exit 1\nfi\n";
			showEnvVarsInLog = 0;
		};
		F9A5BFEF113B25136829F8A7 /* Copy Pods Resources */ = {
			isa = PBXShellScriptBuildPhase;
			buildActionMask = 2147483647;
			files = (
			);
			inputPaths = (
			);
			name = "Copy Pods Resources";
			outputPaths = (
			);
			runOnlyForDeploymentPostprocessing = 0;
			shellPath = /bin/sh;
			shellScript = "\"${SRCROOT}/Pods/Target Support Files/Pods/Pods-resources.sh\"\n";
			showEnvVarsInLog = 0;
		};
/* End PBXShellScriptBuildPhase section */

/* Begin PBXSourcesBuildPhase section */
		D95167851A92F03700C3754D /* Sources */ = {
			isa = PBXSourcesBuildPhase;
			buildActionMask = 2147483647;
			files = (
				39FD10A51AD14D9100503361 /* ViewController.m in Sources */,
				39FD10901AD14D5500503361 /* AppDelegate.m in Sources */,
				39FD10A11AD14D8900503361 /* MisfireConvo.m in Sources */,
				39FD10A21AD14D8900503361 /* TinderRootClient.m in Sources */,
				395FF5CE1AD8093E00E94614 /* MisfireConvoViewController.m in Sources */,
				39FD10951AD14D6200503361 /* main.m in Sources */,
			);
			runOnlyForDeploymentPostprocessing = 0;
		};
		D951679E1A92F03700C3754D /* Sources */ = {
			isa = PBXSourcesBuildPhase;
			buildActionMask = 2147483647;
			files = (
				D95167A91A92F03700C3754D /* MisfireTests.m in Sources */,
			);
			runOnlyForDeploymentPostprocessing = 0;
		};
/* End PBXSourcesBuildPhase section */

/* Begin PBXTargetDependency section */
		D95167A41A92F03700C3754D /* PBXTargetDependency */ = {
			isa = PBXTargetDependency;
			target = D95167881A92F03700C3754D /* Misfire */;
			targetProxy = D95167A31A92F03700C3754D /* PBXContainerItemProxy */;
		};
/* End PBXTargetDependency section */

/* Begin XCBuildConfiguration section */
		D95167AA1A92F03700C3754D /* Debug */ = {
			isa = XCBuildConfiguration;
			buildSettings = {
				ALWAYS_SEARCH_USER_PATHS = NO;
				CLANG_CXX_LANGUAGE_STANDARD = "gnu++0x";
				CLANG_CXX_LIBRARY = "libc++";
				CLANG_ENABLE_MODULES = YES;
				CLANG_ENABLE_OBJC_ARC = YES;
				CLANG_WARN_BOOL_CONVERSION = YES;
				CLANG_WARN_CONSTANT_CONVERSION = YES;
				CLANG_WARN_DIRECT_OBJC_ISA_USAGE = YES_ERROR;
				CLANG_WARN_EMPTY_BODY = YES;
				CLANG_WARN_ENUM_CONVERSION = YES;
				CLANG_WARN_INT_CONVERSION = YES;
				CLANG_WARN_OBJC_ROOT_CLASS = YES_ERROR;
				CLANG_WARN_UNREACHABLE_CODE = YES;
				CLANG_WARN__DUPLICATE_METHOD_MATCH = YES;
				"CODE_SIGN_IDENTITY[sdk=iphoneos*]" = "iPhone Developer";
				COPY_PHASE_STRIP = NO;
				ENABLE_STRICT_OBJC_MSGSEND = YES;
				GCC_C_LANGUAGE_STANDARD = gnu99;
				GCC_DYNAMIC_NO_PIC = NO;
				GCC_OPTIMIZATION_LEVEL = 0;
				GCC_PREPROCESSOR_DEFINITIONS = (
					"DEBUG=1",
					"$(inherited)",
				);
				GCC_SYMBOLS_PRIVATE_EXTERN = NO;
				GCC_WARN_64_TO_32_BIT_CONVERSION = YES;
				GCC_WARN_ABOUT_RETURN_TYPE = YES_ERROR;
				GCC_WARN_UNDECLARED_SELECTOR = YES;
				GCC_WARN_UNINITIALIZED_AUTOS = YES_AGGRESSIVE;
				GCC_WARN_UNUSED_FUNCTION = YES;
				GCC_WARN_UNUSED_VARIABLE = YES;
				IPHONEOS_DEPLOYMENT_TARGET = 8.1;
				MTL_ENABLE_DEBUG_INFO = YES;
				ONLY_ACTIVE_ARCH = YES;
				SDKROOT = iphoneos;
			};
			name = Debug;
		};
		D95167AB1A92F03700C3754D /* Release */ = {
			isa = XCBuildConfiguration;
			buildSettings = {
				ALWAYS_SEARCH_USER_PATHS = NO;
				CLANG_CXX_LANGUAGE_STANDARD = "gnu++0x";
				CLANG_CXX_LIBRARY = "libc++";
				CLANG_ENABLE_MODULES = YES;
				CLANG_ENABLE_OBJC_ARC = YES;
				CLANG_WARN_BOOL_CONVERSION = YES;
				CLANG_WARN_CONSTANT_CONVERSION = YES;
				CLANG_WARN_DIRECT_OBJC_ISA_USAGE = YES_ERROR;
				CLANG_WARN_EMPTY_BODY = YES;
				CLANG_WARN_ENUM_CONVERSION = YES;
				CLANG_WARN_INT_CONVERSION = YES;
				CLANG_WARN_OBJC_ROOT_CLASS = YES_ERROR;
				CLANG_WARN_UNREACHABLE_CODE = YES;
				CLANG_WARN__DUPLICATE_METHOD_MATCH = YES;
				"CODE_SIGN_IDENTITY[sdk=iphoneos*]" = "iPhone Developer";
				COPY_PHASE_STRIP = YES;
				ENABLE_NS_ASSERTIONS = NO;
				ENABLE_STRICT_OBJC_MSGSEND = YES;
				GCC_C_LANGUAGE_STANDARD = gnu99;
				GCC_WARN_64_TO_32_BIT_CONVERSION = YES;
				GCC_WARN_ABOUT_RETURN_TYPE = YES_ERROR;
				GCC_WARN_UNDECLARED_SELECTOR = YES;
				GCC_WARN_UNINITIALIZED_AUTOS = YES_AGGRESSIVE;
				GCC_WARN_UNUSED_FUNCTION = YES;
				GCC_WARN_UNUSED_VARIABLE = YES;
				IPHONEOS_DEPLOYMENT_TARGET = 8.1;
				MTL_ENABLE_DEBUG_INFO = NO;
				SDKROOT = iphoneos;
				VALIDATE_PRODUCT = YES;
			};
			name = Release;
		};
		D95167AD1A92F03700C3754D /* Debug */ = {
			isa = XCBuildConfiguration;
			baseConfigurationReference = BD1A50D2F07EA58BF33522BC /* Pods.debug.xcconfig */;
			buildSettings = {
				ASSETCATALOG_COMPILER_APPICON_NAME = AppIcon;
				FRAMEWORK_SEARCH_PATHS = (
					"$(inherited)",
					/Users/justinboogaard/Documents/FacebookSDK,
					"$(PROJECT_DIR)",
				);
				INFOPLIST_FILE = Misfire/Info.plist;
				LD_RUNPATH_SEARCH_PATHS = "$(inherited) @executable_path/Frameworks";
				PRODUCT_NAME = "$(TARGET_NAME)";
			};
			name = Debug;
		};
		D95167AE1A92F03700C3754D /* Release */ = {
			isa = XCBuildConfiguration;
			baseConfigurationReference = 7D1257FC2AAFAAE8AE95BE75 /* Pods.release.xcconfig */;
			buildSettings = {
				ASSETCATALOG_COMPILER_APPICON_NAME = AppIcon;
				FRAMEWORK_SEARCH_PATHS = (
					"$(inherited)",
					/Users/justinboogaard/Documents/FacebookSDK,
					"$(PROJECT_DIR)",
				);
				INFOPLIST_FILE = Misfire/Info.plist;
				LD_RUNPATH_SEARCH_PATHS = "$(inherited) @executable_path/Frameworks";
				PRODUCT_NAME = "$(TARGET_NAME)";
			};
			name = Release;
		};
		D95167B01A92F03700C3754D /* Debug */ = {
			isa = XCBuildConfiguration;
			buildSettings = {
				BUNDLE_LOADER = "$(TEST_HOST)";
				FRAMEWORK_SEARCH_PATHS = (
					"$(SDKROOT)/Developer/Library/Frameworks",
					"$(inherited)",
					/Users/justinboogaard/Documents/FacebookSDK,
				);
				GCC_PREPROCESSOR_DEFINITIONS = (
					"DEBUG=1",
					"$(inherited)",
				);
				INFOPLIST_FILE = MisfireTests/Info.plist;
				LD_RUNPATH_SEARCH_PATHS = "$(inherited) @executable_path/Frameworks @loader_path/Frameworks";
				PRODUCT_NAME = "$(TARGET_NAME)";
				TEST_HOST = "$(BUILT_PRODUCTS_DIR)/Misfire.app/Misfire";
			};
			name = Debug;
		};
		D95167B11A92F03700C3754D /* Release */ = {
			isa = XCBuildConfiguration;
			buildSettings = {
				BUNDLE_LOADER = "$(TEST_HOST)";
				FRAMEWORK_SEARCH_PATHS = (
					"$(SDKROOT)/Developer/Library/Frameworks",
					"$(inherited)",
					/Users/justinboogaard/Documents/FacebookSDK,
				);
				INFOPLIST_FILE = MisfireTests/Info.plist;
				LD_RUNPATH_SEARCH_PATHS = "$(inherited) @executable_path/Frameworks @loader_path/Frameworks";
				PRODUCT_NAME = "$(TARGET_NAME)";
				TEST_HOST = "$(BUILT_PRODUCTS_DIR)/Misfire.app/Misfire";
			};
			name = Release;
		};
/* End XCBuildConfiguration section */

/* Begin XCConfigurationList section */
		D95167841A92F03700C3754D /* Build configuration list for PBXProject "Misfire" */ = {
			isa = XCConfigurationList;
			buildConfigurations = (
				D95167AA1A92F03700C3754D /* Debug */,
				D95167AB1A92F03700C3754D /* Release */,
			);
			defaultConfigurationIsVisible = 0;
			defaultConfigurationName = Release;
		};
		D95167AC1A92F03700C3754D /* Build configuration list for PBXNativeTarget "Misfire" */ = {
			isa = XCConfigurationList;
			buildConfigurations = (
				D95167AD1A92F03700C3754D /* Debug */,
				D95167AE1A92F03700C3754D /* Release */,
			);
			defaultConfigurationIsVisible = 0;
			defaultConfigurationName = Release;
		};
		D95167AF1A92F03700C3754D /* Build configuration list for PBXNativeTarget "MisfireTests" */ = {
			isa = XCConfigurationList;
			buildConfigurations = (
				D95167B01A92F03700C3754D /* Debug */,
				D95167B11A92F03700C3754D /* Release */,
			);
			defaultConfigurationIsVisible = 0;
			defaultConfigurationName = Release;
		};
/* End XCConfigurationList section */
	};
	rootObject = D95167811A92F03700C3754D /* Project object */;
}
