// !$*UTF8*$!
{
	archiveVersion = 1;
	classes = {
	};
	objectVersion = 46;
	objects = {

/* Begin PBXBuildFile section */
		D951678F1A92F03700C3754D /* main.m in Sources */ = {isa = PBXBuildFile; fileRef = D951678E1A92F03700C3754D /* main.m */; };
		D95167921A92F03700C3754D /* AppDelegate.m in Sources */ = {isa = PBXBuildFile; fileRef = D95167911A92F03700C3754D /* AppDelegate.m */; };
		D95167951A92F03700C3754D /* ViewController.m in Sources */ = {isa = PBXBuildFile; fileRef = D95167941A92F03700C3754D /* ViewController.m */; };
		D95167981A92F03700C3754D /* Main.storyboard in Resources */ = {isa = PBXBuildFile; fileRef = D95167961A92F03700C3754D /* Main.storyboard */; };
		D951679A1A92F03700C3754D /* Images.xcassets in Resources */ = {isa = PBXBuildFile; fileRef = D95167991A92F03700C3754D /* Images.xcassets */; };
		D951679D1A92F03700C3754D /* LaunchScreen.xib in Resources */ = {isa = PBXBuildFile; fileRef = D951679B1A92F03700C3754D /* LaunchScreen.xib */; };
		D95167A91A92F03700C3754D /* MisfireTests.m in Sources */ = {isa = PBXBuildFile; fileRef = D95167A81A92F03700C3754D /* MisfireTests.m */; };
		D9B4A5A91A92F10F00751F76 /* TinderRootClient.m in Sources */ = {isa = PBXBuildFile; fileRef = D9B4A5A81A92F10F00751F76 /* TinderRootClient.m */; };
		D9B4A5AC1A92F12D00751F76 /* TinderGuestClient.m in Sources */ = {isa = PBXBuildFile; fileRef = D9B4A5AB1A92F12D00751F76 /* TinderGuestClient.m */; };
		D9B4A5AF1A92F19400751F76 /* SharedManager.m in Sources */ = {isa = PBXBuildFile; fileRef = D9B4A5AE1A92F19400751F76 /* SharedManager.m */; };
/* End PBXBuildFile section */

/* Begin PBXContainerItemProxy section */
		D95167A31A92F03700C3754D /* PBXContainerItemProxy */ = {
			isa = PBXContainerItemProxy;
			containerPortal = D95167811A92F03700C3754D /* Project object */;
			proxyType = 1;
			remoteGlobalIDString = D95167881A92F03700C3754D;
			remoteInfo = Misfire;
		};
/* End PBXContainerItemProxy section */

/* Begin PBXFileReference section */
		D95167891A92F03700C3754D /* Misfire.app */ = {isa = PBXFileReference; explicitFileType = wrapper.application; includeInIndex = 0; path = Misfire.app; sourceTree = BUILT_PRODUCTS_DIR; };
		D951678D1A92F03700C3754D /* Info.plist */ = {isa = PBXFileReference; lastKnownFileType = text.plist.xml; path = Info.plist; sourceTree = "<group>"; };
		D951678E1A92F03700C3754D /* main.m */ = {isa = PBXFileReference; lastKnownFileType = sourcecode.c.objc; path = main.m; sourceTree = "<group>"; };
		D95167901A92F03700C3754D /* AppDelegate.h */ = {isa = PBXFileReference; lastKnownFileType = sourcecode.c.h; path = AppDelegate.h; sourceTree = "<group>"; };
		D95167911A92F03700C3754D /* AppDelegate.m */ = {isa = PBXFileReference; lastKnownFileType = sourcecode.c.objc; path = AppDelegate.m; sourceTree = "<group>"; };
		D95167931A92F03700C3754D /* ViewController.h */ = {isa = PBXFileReference; lastKnownFileType = sourcecode.c.h; path = ViewController.h; sourceTree = "<group>"; };
		D95167941A92F03700C3754D /* ViewController.m */ = {isa = PBXFileReference; lastKnownFileType = sourcecode.c.objc; path = ViewController.m; sourceTree = "<group>"; };
		D95167971A92F03700C3754D /* Base */ = {isa = PBXFileReference; lastKnownFileType = file.storyboard; name = Base; path = Base.lproj/Main.storyboard; sourceTree = "<group>"; };
		D95167991A92F03700C3754D /* Images.xcassets */ = {isa = PBXFileReference; lastKnownFileType = folder.assetcatalog; path = Images.xcassets; sourceTree = "<group>"; };
		D951679C1A92F03700C3754D /* Base */ = {isa = PBXFileReference; lastKnownFileType = file.xib; name = Base; path = Base.lproj/LaunchScreen.xib; sourceTree = "<group>"; };
		D95167A21A92F03700C3754D /* MisfireTests.xctest */ = {isa = PBXFileReference; explicitFileType = wrapper.cfbundle; includeInIndex = 0; path = MisfireTests.xctest; sourceTree = BUILT_PRODUCTS_DIR; };
		D95167A71A92F03700C3754D /* Info.plist */ = {isa = PBXFileReference; lastKnownFileType = text.plist.xml; path = Info.plist; sourceTree = "<group>"; };
		D95167A81A92F03700C3754D /* MisfireTests.m */ = {isa = PBXFileReference; lastKnownFileType = sourcecode.c.objc; path = MisfireTests.m; sourceTree = "<group>"; };
		D9B4A5A71A92F10F00751F76 /* TinderRootClient.h */ = {isa = PBXFileReference; fileEncoding = 4; lastKnownFileType = sourcecode.c.h; path = TinderRootClient.h; sourceTree = "<group>"; };
		D9B4A5A81A92F10F00751F76 /* TinderRootClient.m */ = {isa = PBXFileReference; fileEncoding = 4; lastKnownFileType = sourcecode.c.objc; path = TinderRootClient.m; sourceTree = "<group>"; };
		D9B4A5AA1A92F12D00751F76 /* TinderGuestClient.h */ = {isa = PBXFileReference; fileEncoding = 4; lastKnownFileType = sourcecode.c.h; path = TinderGuestClient.h; sourceTree = "<group>"; };
		D9B4A5AB1A92F12D00751F76 /* TinderGuestClient.m */ = {isa = PBXFileReference; fileEncoding = 4; lastKnownFileType = sourcecode.c.objc; path = TinderGuestClient.m; sourceTree = "<group>"; };
		D9B4A5AD1A92F19400751F76 /* SharedManager.h */ = {isa = PBXFileReference; fileEncoding = 4; lastKnownFileType = sourcecode.c.h; path = SharedManager.h; sourceTree = "<group>"; };
		D9B4A5AE1A92F19400751F76 /* SharedManager.m */ = {isa = PBXFileReference; fileEncoding = 4; lastKnownFileType = sourcecode.c.objc; path = SharedManager.m; sourceTree = "<group>"; };
/* End PBXFileReference section */

/* Begin PBXFrameworksBuildPhase section */
		D95167861A92F03700C3754D /* Frameworks */ = {
			isa = PBXFrameworksBuildPhase;
			buildActionMask = 2147483647;
			files = (
			);
			runOnlyForDeploymentPostprocessing = 0;
		};
		D951679F1A92F03700C3754D /* Frameworks */ = {
			isa = PBXFrameworksBuildPhase;
			buildActionMask = 2147483647;
			files = (
			);
			runOnlyForDeploymentPostprocessing = 0;
		};
/* End PBXFrameworksBuildPhase section */

/* Begin PBXGroup section */
		D95167801A92F03700C3754D = {
			isa = PBXGroup;
			children = (
				D951678B1A92F03700C3754D /* Misfire */,
				D95167A51A92F03700C3754D /* MisfireTests */,
				D951678A1A92F03700C3754D /* Products */,
			);
			sourceTree = "<group>";
		};
		D951678A1A92F03700C3754D /* Products */ = {
			isa = PBXGroup;
			children = (
				D95167891A92F03700C3754D /* Misfire.app */,
				D95167A21A92F03700C3754D /* MisfireTests.xctest */,
			);
			name = Products;
			sourceTree = "<group>";
		};
		D951678B1A92F03700C3754D /* Misfire */ = {
			isa = PBXGroup;
			children = (
				D95167901A92F03700C3754D /* AppDelegate.h */,
				D95167911A92F03700C3754D /* AppDelegate.m */,
				D9B4A5A71A92F10F00751F76 /* TinderRootClient.h */,
				D9B4A5A81A92F10F00751F76 /* TinderRootClient.m */,
				D9B4A5AA1A92F12D00751F76 /* TinderGuestClient.h */,
				D9B4A5AB1A92F12D00751F76 /* TinderGuestClient.m */,
				D9B4A5AD1A92F19400751F76 /* SharedManager.h */,
				D9B4A5AE1A92F19400751F76 /* SharedManager.m */,
				D95167931A92F03700C3754D /* ViewController.h */,
				D95167941A92F03700C3754D /* ViewController.m */,
				D95167961A92F03700C3754D /* Main.storyboard */,
				D95167991A92F03700C3754D /* Images.xcassets */,
				D951679B1A92F03700C3754D /* LaunchScreen.xib */,
				D951678C1A92F03700C3754D /* Supporting Files */,
			);
			path = Misfire;
			sourceTree = "<group>";
		};
		D951678C1A92F03700C3754D /* Supporting Files */ = {
			isa = PBXGroup;
			children = (
				D951678D1A92F03700C3754D /* Info.plist */,
				D951678E1A92F03700C3754D /* main.m */,
			);
			name = "Supporting Files";
			sourceTree = "<group>";
		};
		D95167A51A92F03700C3754D /* MisfireTests */ = {
			isa = PBXGroup;
			children = (
				D95167A81A92F03700C3754D /* MisfireTests.m */,
				D95167A61A92F03700C3754D /* Supporting Files */,
			);
			path = MisfireTests;
			sourceTree = "<group>";
		};
		D95167A61A92F03700C3754D /* Supporting Files */ = {
			isa = PBXGroup;
			children = (
				D95167A71A92F03700C3754D /* Info.plist */,
			);
			name = "Supporting Files";
			sourceTree = "<group>";
		};
/* End PBXGroup section */

/* Begin PBXNativeTarget section */
		D95167881A92F03700C3754D /* Misfire */ = {
			isa = PBXNativeTarget;
			buildConfigurationList = D95167AC1A92F03700C3754D /* Build configuration list for PBXNativeTarget "Misfire" */;
			buildPhases = (
				D95167851A92F03700C3754D /* Sources */,
				D95167861A92F03700C3754D /* Frameworks */,
				D95167871A92F03700C3754D /* Resources */,
			);
			buildRules = (
			);
			dependencies = (
			);
			name = Misfire;
			productName = Misfire;
			productReference = D95167891A92F03700C3754D /* Misfire.app */;
			productType = "com.apple.product-type.application";
		};
		D95167A11A92F03700C3754D /* MisfireTests */ = {
			isa = PBXNativeTarget;
			buildConfigurationList = D95167AF1A92F03700C3754D /* Build configuration list for PBXNativeTarget "MisfireTests" */;
			buildPhases = (
				D951679E1A92F03700C3754D /* Sources */,
				D951679F1A92F03700C3754D /* Frameworks */,
				D95167A01A92F03700C3754D /* Resources */,
			);
			buildRules = (
			);
			dependencies = (
				D95167A41A92F03700C3754D /* PBXTargetDependency */,
			);
			name = MisfireTests;
			productName = MisfireTests;
			productReference = D95167A21A92F03700C3754D /* MisfireTests.xctest */;
			productType = "com.apple.product-type.bundle.unit-test";
		};
/* End PBXNativeTarget section */

/* Begin PBXProject section */
		D95167811A92F03700C3754D /* Project object */ = {
			isa = PBXProject;
			attributes = {
				LastUpgradeCheck = 0610;
				ORGANIZATIONNAME = "Jake Sutton";
				TargetAttributes = {
					D95167881A92F03700C3754D = {
						CreatedOnToolsVersion = 6.1.1;
					};
					D95167A11A92F03700C3754D = {
						CreatedOnToolsVersion = 6.1.1;
						TestTargetID = D95167881A92F03700C3754D;
					};
				};
			};
			buildConfigurationList = D95167841A92F03700C3754D /* Build configuration list for PBXProject "Misfire" */;
			compatibilityVersion = "Xcode 3.2";
			developmentRegion = English;
			hasScannedForEncodings = 0;
			knownRegions = (
				en,
				Base,
			);
			mainGroup = D95167801A92F03700C3754D;
			productRefGroup = D951678A1A92F03700C3754D /* Products */;
			projectDirPath = "";
			projectRoot = "";
			targets = (
				D95167881A92F03700C3754D /* Misfire */,
				D95167A11A92F03700C3754D /* MisfireTests */,
			);
		};
/* End PBXProject section */

/* Begin PBXResourcesBuildPhase section */
		D95167871A92F03700C3754D /* Resources */ = {
			isa = PBXResourcesBuildPhase;
			buildActionMask = 2147483647;
			files = (
				D95167981A92F03700C3754D /* Main.storyboard in Resources */,
				D951679D1A92F03700C3754D /* LaunchScreen.xib in Resources */,
				D951679A1A92F03700C3754D /* Images.xcassets in Resources */,
			);
			runOnlyForDeploymentPostprocessing = 0;
		};
		D95167A01A92F03700C3754D /* Resources */ = {
			isa = PBXResourcesBuildPhase;
			buildActionMask = 2147483647;
			files = (
			);
			runOnlyForDeploymentPostprocessing = 0;
		};
/* End PBXResourcesBuildPhase section */

/* Begin PBXSourcesBuildPhase section */
		D95167851A92F03700C3754D /* Sources */ = {
			isa = PBXSourcesBuildPhase;
			buildActionMask = 2147483647;
			files = (
				D95167951A92F03700C3754D /* ViewController.m in Sources */,
				D95167921A92F03700C3754D /* AppDelegate.m in Sources */,
				D9B4A5AF1A92F19400751F76 /* SharedManager.m in Sources */,
				D9B4A5A91A92F10F00751F76 /* TinderRootClient.m in Sources */,
				D951678F1A92F03700C3754D /* main.m in Sources */,
				D9B4A5AC1A92F12D00751F76 /* TinderGuestClient.m in Sources */,
			);
			runOnlyForDeploymentPostprocessing = 0;
		};
		D951679E1A92F03700C3754D /* Sources */ = {
			isa = PBXSourcesBuildPhase;
			buildActionMask = 2147483647;
			files = (
				D95167A91A92F03700C3754D /* MisfireTests.m in Sources */,
			);
			runOnlyForDeploymentPostprocessing = 0;
		};
/* End PBXSourcesBuildPhase section */

/* Begin PBXTargetDependency section */
		D95167A41A92F03700C3754D /* PBXTargetDependency */ = {
			isa = PBXTargetDependency;
			target = D95167881A92F03700C3754D /* Misfire */;
			targetProxy = D95167A31A92F03700C3754D /* PBXContainerItemProxy */;
		};
/* End PBXTargetDependency section */

/* Begin PBXVariantGroup section */
		D95167961A92F03700C3754D /* Main.storyboard */ = {
			isa = PBXVariantGroup;
			children = (
				D95167971A92F03700C3754D /* Base */,
			);
			name = Main.storyboard;
			sourceTree = "<group>";
		};
		D951679B1A92F03700C3754D /* LaunchScreen.xib */ = {
			isa = PBXVariantGroup;
			children = (
				D951679C1A92F03700C3754D /* Base */,
			);
			name = LaunchScreen.xib;
			sourceTree = "<group>";
		};
/* End PBXVariantGroup section */

/* Begin XCBuildConfiguration section */
		D95167AA1A92F03700C3754D /* Debug */ = {
			isa = XCBuildConfiguration;
			buildSettings = {
				ALWAYS_SEARCH_USER_PATHS = NO;
				CLANG_CXX_LANGUAGE_STANDARD = "gnu++0x";
				CLANG_CXX_LIBRARY = "libc++";
				CLANG_ENABLE_MODULES = YES;
				CLANG_ENABLE_OBJC_ARC = YES;
				CLANG_WARN_BOOL_CONVERSION = YES;
				CLANG_WARN_CONSTANT_CONVERSION = YES;
				CLANG_WARN_DIRECT_OBJC_ISA_USAGE = YES_ERROR;
				CLANG_WARN_EMPTY_BODY = YES;
				CLANG_WARN_ENUM_CONVERSION = YES;
				CLANG_WARN_INT_CONVERSION = YES;
				CLANG_WARN_OBJC_ROOT_CLASS = YES_ERROR;
				CLANG_WARN_UNREACHABLE_CODE = YES;
				CLANG_WARN__DUPLICATE_METHOD_MATCH = YES;
				"CODE_SIGN_IDENTITY[sdk=iphoneos*]" = "iPhone Developer";
				COPY_PHASE_STRIP = NO;
				ENABLE_STRICT_OBJC_MSGSEND = YES;
				GCC_C_LANGUAGE_STANDARD = gnu99;
				GCC_DYNAMIC_NO_PIC = NO;
				GCC_OPTIMIZATION_LEVEL = 0;
				GCC_PREPROCESSOR_DEFINITIONS = (
					"DEBUG=1",
					"$(inherited)",
				);
				GCC_SYMBOLS_PRIVATE_EXTERN = NO;
				GCC_WARN_64_TO_32_BIT_CONVERSION = YES;
				GCC_WARN_ABOUT_RETURN_TYPE = YES_ERROR;
				GCC_WARN_UNDECLARED_SELECTOR = YES;
				GCC_WARN_UNINITIALIZED_AUTOS = YES_AGGRESSIVE;
				GCC_WARN_UNUSED_FUNCTION = YES;
				GCC_WARN_UNUSED_VARIABLE = YES;
				IPHONEOS_DEPLOYMENT_TARGET = 8.1;
				MTL_ENABLE_DEBUG_INFO = YES;
				ONLY_ACTIVE_ARCH = YES;
				SDKROOT = iphoneos;
			};
			name = Debug;
		};
		D95167AB1A92F03700C3754D /* Release */ = {
			isa = XCBuildConfiguration;
			buildSettings = {
				ALWAYS_SEARCH_USER_PATHS = NO;
				CLANG_CXX_LANGUAGE_STANDARD = "gnu++0x";
				CLANG_CXX_LIBRARY = "libc++";
				CLANG_ENABLE_MODULES = YES;
				CLANG_ENABLE_OBJC_ARC = YES;
				CLANG_WARN_BOOL_CONVERSION = YES;
				CLANG_WARN_CONSTANT_CONVERSION = YES;
				CLANG_WARN_DIRECT_OBJC_ISA_USAGE = YES_ERROR;
				CLANG_WARN_EMPTY_BODY = YES;
				CLANG_WARN_ENUM_CONVERSION = YES;
				CLANG_WARN_INT_CONVERSION = YES;
				CLANG_WARN_OBJC_ROOT_CLASS = YES_ERROR;
				CLANG_WARN_UNREACHABLE_CODE = YES;
				CLANG_WARN__DUPLICATE_METHOD_MATCH = YES;
				"CODE_SIGN_IDENTITY[sdk=iphoneos*]" = "iPhone Developer";
				COPY_PHASE_STRIP = YES;
				ENABLE_NS_ASSERTIONS = NO;
				ENABLE_STRICT_OBJC_MSGSEND = YES;
				GCC_C_LANGUAGE_STANDARD = gnu99;
				GCC_WARN_64_TO_32_BIT_CONVERSION = YES;
				GCC_WARN_ABOUT_RETURN_TYPE = YES_ERROR;
				GCC_WARN_UNDECLARED_SELECTOR = YES;
				GCC_WARN_UNINITIALIZED_AUTOS = YES_AGGRESSIVE;
				GCC_WARN_UNUSED_FUNCTION = YES;
				GCC_WARN_UNUSED_VARIABLE = YES;
				IPHONEOS_DEPLOYMENT_TARGET = 8.1;
				MTL_ENABLE_DEBUG_INFO = NO;
				SDKROOT = iphoneos;
				VALIDATE_PRODUCT = YES;
			};
			name = Release;
		};
		D95167AD1A92F03700C3754D /* Debug */ = {
			isa = XCBuildConfiguration;
			buildSettings = {
				ASSETCATALOG_COMPILER_APPICON_NAME = AppIcon;
				INFOPLIST_FILE = Misfire/Info.plist;
				LD_RUNPATH_SEARCH_PATHS = "$(inherited) @executable_path/Frameworks";
				PRODUCT_NAME = "$(TARGET_NAME)";
			};
			name = Debug;
		};
		D95167AE1A92F03700C3754D /* Release */ = {
			isa = XCBuildConfiguration;
			buildSettings = {
				ASSETCATALOG_COMPILER_APPICON_NAME = AppIcon;
				INFOPLIST_FILE = Misfire/Info.plist;
				LD_RUNPATH_SEARCH_PATHS = "$(inherited) @executable_path/Frameworks";
				PRODUCT_NAME = "$(TARGET_NAME)";
			};
			name = Release;
		};
		D95167B01A92F03700C3754D /* Debug */ = {
			isa = XCBuildConfiguration;
			buildSettings = {
				BUNDLE_LOADER = "$(TEST_HOST)";
				FRAMEWORK_SEARCH_PATHS = (
					"$(SDKROOT)/Developer/Library/Frameworks",
					"$(inherited)",
				);
				GCC_PREPROCESSOR_DEFINITIONS = (
					"DEBUG=1",
					"$(inherited)",
				);
				INFOPLIST_FILE = MisfireTests/Info.plist;
				LD_RUNPATH_SEARCH_PATHS = "$(inherited) @executable_path/Frameworks @loader_path/Frameworks";
				PRODUCT_NAME = "$(TARGET_NAME)";
				TEST_HOST = "$(BUILT_PRODUCTS_DIR)/Misfire.app/Misfire";
			};
			name = Debug;
		};
		D95167B11A92F03700C3754D /* Release */ = {
			isa = XCBuildConfiguration;
			buildSettings = {
				BUNDLE_LOADER = "$(TEST_HOST)";
				FRAMEWORK_SEARCH_PATHS = (
					"$(SDKROOT)/Developer/Library/Frameworks",
					"$(inherited)",
				);
				INFOPLIST_FILE = MisfireTests/Info.plist;
				LD_RUNPATH_SEARCH_PATHS = "$(inherited) @executable_path/Frameworks @loader_path/Frameworks";
				PRODUCT_NAME = "$(TARGET_NAME)";
				TEST_HOST = "$(BUILT_PRODUCTS_DIR)/Misfire.app/Misfire";
			};
			name = Release;
		};
/* End XCBuildConfiguration section */

/* Begin XCConfigurationList section */
		D95167841A92F03700C3754D /* Build configuration list for PBXProject "Misfire" */ = {
			isa = XCConfigurationList;
			buildConfigurations = (
				D95167AA1A92F03700C3754D /* Debug */,
				D95167AB1A92F03700C3754D /* Release */,
			);
			defaultConfigurationIsVisible = 0;
			defaultConfigurationName = Release;
		};
		D95167AC1A92F03700C3754D /* Build configuration list for PBXNativeTarget "Misfire" */ = {
			isa = XCConfigurationList;
			buildConfigurations = (
				D95167AD1A92F03700C3754D /* Debug */,
				D95167AE1A92F03700C3754D /* Release */,
			);
			defaultConfigurationIsVisible = 0;
			defaultConfigurationName = Release;
		};
		D95167AF1A92F03700C3754D /* Build configuration list for PBXNativeTarget "MisfireTests" */ = {
			isa = XCConfigurationList;
			buildConfigurations = (
				D95167B01A92F03700C3754D /* Debug */,
				D95167B11A92F03700C3754D /* Release */,
			);
			defaultConfigurationIsVisible = 0;
			defaultConfigurationName = Release;
		};
/* End XCConfigurationList section */
	};
	rootObject = D95167811A92F03700C3754D /* Project object */;
}
